// !$*UTF8*$!
{
	archiveVersion = 1;
	classes = {
	};
	objectVersion = 46;
	objects = {

/* Begin PBXBuildFile section */
		2439C6411B1D3DF000860837 /* main.m in Sources */ = {isa = PBXBuildFile; fileRef = 2439C6401B1D3DF000860837 /* main.m */; };
		2439C6441B1D3DF000860837 /* AppDelegate.m in Sources */ = {isa = PBXBuildFile; fileRef = 2439C6431B1D3DF000860837 /* AppDelegate.m */; };
		2439C6471B1D3DF000860837 /* ViewController.m in Sources */ = {isa = PBXBuildFile; fileRef = 2439C6461B1D3DF000860837 /* ViewController.m */; };
		2439C64A1B1D3DF000860837 /* Main.storyboard in Resources */ = {isa = PBXBuildFile; fileRef = 2439C6481B1D3DF000860837 /* Main.storyboard */; };
		2439C64C1B1D3DF000860837 /* Images.xcassets in Resources */ = {isa = PBXBuildFile; fileRef = 2439C64B1B1D3DF000860837 /* Images.xcassets */; };
		2439C64F1B1D3DF000860837 /* LaunchScreen.xib in Resources */ = {isa = PBXBuildFile; fileRef = 2439C64D1B1D3DF000860837 /* LaunchScreen.xib */; };
		2439C65B1B1D3DF000860837 /* lesson2Tests.m in Sources */ = {isa = PBXBuildFile; fileRef = 2439C65A1B1D3DF000860837 /* lesson2Tests.m */; };
		2439C6651B1D457C00860837 /* 9.jpg in Resources */ = {isa = PBXBuildFile; fileRef = 2439C6641B1D457C00860837 /* 9.jpg */; };
		2439C6681B1D57EF00860837 /* DetailViewController.m in Sources */ = {isa = PBXBuildFile; fileRef = 2439C6671B1D57EF00860837 /* DetailViewController.m */; };
/* End PBXBuildFile section */

/* Begin PBXContainerItemProxy section */
		2439C6551B1D3DF000860837 /* PBXContainerItemProxy */ = {
			isa = PBXContainerItemProxy;
			containerPortal = 2439C6331B1D3DF000860837 /* Project object */;
			proxyType = 1;
			remoteGlobalIDString = 2439C63A1B1D3DF000860837;
			remoteInfo = lesson2;
		};
/* End PBXContainerItemProxy section */

/* Begin PBXFileReference section */
		2439C63B1B1D3DF000860837 /* lesson2.app */ = {isa = PBXFileReference; explicitFileType = wrapper.application; includeInIndex = 0; path = lesson2.app; sourceTree = BUILT_PRODUCTS_DIR; };
		2439C63F1B1D3DF000860837 /* Info.plist */ = {isa = PBXFileReference; lastKnownFileType = text.plist.xml; path = Info.plist; sourceTree = "<group>"; };
		2439C6401B1D3DF000860837 /* main.m */ = {isa = PBXFileReference; lastKnownFileType = sourcecode.c.objc; path = main.m; sourceTree = "<group>"; };
		2439C6421B1D3DF000860837 /* AppDelegate.h */ = {isa = PBXFileReference; lastKnownFileType = sourcecode.c.h; path = AppDelegate.h; sourceTree = "<group>"; };
		2439C6431B1D3DF000860837 /* AppDelegate.m */ = {isa = PBXFileReference; lastKnownFileType = sourcecode.c.objc; path = AppDelegate.m; sourceTree = "<group>"; };
		2439C6451B1D3DF000860837 /* ViewController.h */ = {isa = PBXFileReference; lastKnownFileType = sourcecode.c.h; path = ViewController.h; sourceTree = "<group>"; };
		2439C6461B1D3DF000860837 /* ViewController.m */ = {isa = PBXFileReference; lastKnownFileType = sourcecode.c.objc; path = ViewController.m; sourceTree = "<group>"; };
		2439C6491B1D3DF000860837 /* Base */ = {isa = PBXFileReference; lastKnownFileType = file.storyboard; name = Base; path = Base.lproj/Main.storyboard; sourceTree = "<group>"; };
		2439C64B1B1D3DF000860837 /* Images.xcassets */ = {isa = PBXFileReference; lastKnownFileType = folder.assetcatalog; path = Images.xcassets; sourceTree = "<group>"; };
		2439C64E1B1D3DF000860837 /* Base */ = {isa = PBXFileReference; lastKnownFileType = file.xib; name = Base; path = Base.lproj/LaunchScreen.xib; sourceTree = "<group>"; };
		2439C6541B1D3DF000860837 /* lesson2Tests.xctest */ = {isa = PBXFileReference; explicitFileType = wrapper.cfbundle; includeInIndex = 0; path = lesson2Tests.xctest; sourceTree = BUILT_PRODUCTS_DIR; };
		2439C6591B1D3DF000860837 /* Info.plist */ = {isa = PBXFileReference; lastKnownFileType = text.plist.xml; path = Info.plist; sourceTree = "<group>"; };
		2439C65A1B1D3DF000860837 /* lesson2Tests.m */ = {isa = PBXFileReference; lastKnownFileType = sourcecode.c.objc; path = lesson2Tests.m; sourceTree = "<group>"; };
		2439C6641B1D457C00860837 /* 9.jpg */ = {isa = PBXFileReference; lastKnownFileType = image.jpeg; name = 9.jpg; path = lesson2Tests/9.jpg; sourceTree = SOURCE_ROOT; };
		2439C6661B1D57EF00860837 /* DetailViewController.h */ = {isa = PBXFileReference; fileEncoding = 4; lastKnownFileType = sourcecode.c.h; path = DetailViewController.h; sourceTree = "<group>"; };
		2439C6671B1D57EF00860837 /* DetailViewController.m */ = {isa = PBXFileReference; fileEncoding = 4; lastKnownFileType = sourcecode.c.objc; path = DetailViewController.m; sourceTree = "<group>"; };
/* End PBXFileReference section */

/* Begin PBXFrameworksBuildPhase section */
		2439C6381B1D3DF000860837 /* Frameworks */ = {
			isa = PBXFrameworksBuildPhase;
			buildActionMask = 2147483647;
			files = (
			);
			runOnlyForDeploymentPostprocessing = 0;
		};
		2439C6511B1D3DF000860837 /* Frameworks */ = {
			isa = PBXFrameworksBuildPhase;
			buildActionMask = 2147483647;
			files = (
			);
			runOnlyForDeploymentPostprocessing = 0;
		};
/* End PBXFrameworksBuildPhase section */

/* Begin PBXGroup section */
		2439C6321B1D3DF000860837 = {
			isa = PBXGroup;
			children = (
				2439C63D1B1D3DF000860837 /* lesson2 */,
				2439C6571B1D3DF000860837 /* lesson2Tests */,
				2439C63C1B1D3DF000860837 /* Products */,
			);
			sourceTree = "<group>";
		};
		2439C63C1B1D3DF000860837 /* Products */ = {
			isa = PBXGroup;
			children = (
				2439C63B1B1D3DF000860837 /* lesson2.app */,
				2439C6541B1D3DF000860837 /* lesson2Tests.xctest */,
			);
			name = Products;
			sourceTree = "<group>";
		};
		2439C63D1B1D3DF000860837 /* lesson2 */ = {
			isa = PBXGroup;
			children = (
				2439C6641B1D457C00860837 /* 9.jpg */,
				2439C6421B1D3DF000860837 /* AppDelegate.h */,
				2439C6431B1D3DF000860837 /* AppDelegate.m */,
				2439C6451B1D3DF000860837 /* ViewController.h */,
				2439C6461B1D3DF000860837 /* ViewController.m */,
				2439C6661B1D57EF00860837 /* DetailViewController.h */,
				2439C6671B1D57EF00860837 /* DetailViewController.m */,
				2439C6481B1D3DF000860837 /* Main.storyboard */,
				2439C64B1B1D3DF000860837 /* Images.xcassets */,
				2439C64D1B1D3DF000860837 /* LaunchScreen.xib */,
				2439C63E1B1D3DF000860837 /* Supporting Files */,
			);
			path = lesson2;
			sourceTree = "<group>";
		};
		2439C63E1B1D3DF000860837 /* Supporting Files */ = {
			isa = PBXGroup;
			children = (
				2439C63F1B1D3DF000860837 /* Info.plist */,
				2439C6401B1D3DF000860837 /* main.m */,
			);
			name = "Supporting Files";
			sourceTree = "<group>";
		};
		2439C6571B1D3DF000860837 /* lesson2Tests */ = {
			isa = PBXGroup;
			children = (
				2439C65A1B1D3DF000860837 /* lesson2Tests.m */,
				2439C6581B1D3DF000860837 /* Supporting Files */,
			);
			path = lesson2Tests;
			sourceTree = "<group>";
		};
		2439C6581B1D3DF000860837 /* Supporting Files */ = {
			isa = PBXGroup;
			children = (
				2439C6591B1D3DF000860837 /* Info.plist */,
			);
			name = "Supporting Files";
			sourceTree = "<group>";
		};
/* End PBXGroup section */

/* Begin PBXNativeTarget section */
		2439C63A1B1D3DF000860837 /* lesson2 */ = {
			isa = PBXNativeTarget;
			buildConfigurationList = 2439C65E1B1D3DF000860837 /* Build configuration list for PBXNativeTarget "lesson2" */;
			buildPhases = (
				2439C6371B1D3DF000860837 /* Sources */,
				2439C6381B1D3DF000860837 /* Frameworks */,
				2439C6391B1D3DF000860837 /* Resources */,
			);
			buildRules = (
			);
			dependencies = (
			);
			name = lesson2;
			productName = lesson2;
			productReference = 2439C63B1B1D3DF000860837 /* lesson2.app */;
			productType = "com.apple.product-type.application";
		};
		2439C6531B1D3DF000860837 /* lesson2Tests */ = {
			isa = PBXNativeTarget;
			buildConfigurationList = 2439C6611B1D3DF000860837 /* Build configuration list for PBXNativeTarget "lesson2Tests" */;
			buildPhases = (
				2439C6501B1D3DF000860837 /* Sources */,
				2439C6511B1D3DF000860837 /* Frameworks */,
				2439C6521B1D3DF000860837 /* Resources */,
			);
			buildRules = (
			);
			dependencies = (
				2439C6561B1D3DF000860837 /* PBXTargetDependency */,
			);
			name = lesson2Tests;
			productName = lesson2Tests;
			productReference = 2439C6541B1D3DF000860837 /* lesson2Tests.xctest */;
			productType = "com.apple.product-type.bundle.unit-test";
		};
/* End PBXNativeTarget section */

/* Begin PBXProject section */
		2439C6331B1D3DF000860837 /* Project object */ = {
			isa = PBXProject;
			attributes = {
				LastUpgradeCheck = 0620;
				ORGANIZATIONNAME = rectinajh;
				TargetAttributes = {
					2439C63A1B1D3DF000860837 = {
						CreatedOnToolsVersion = 6.2;
					};
					2439C6531B1D3DF000860837 = {
						CreatedOnToolsVersion = 6.2;
						TestTargetID = 2439C63A1B1D3DF000860837;
					};
				};
			};
			buildConfigurationList = 2439C6361B1D3DF000860837 /* Build configuration list for PBXProject "lesson2" */;
			compatibilityVersion = "Xcode 3.2";
			developmentRegion = English;
			hasScannedForEncodings = 0;
			knownRegions = (
				en,
				Base,
			);
			mainGroup = 2439C6321B1D3DF000860837;
			productRefGroup = 2439C63C1B1D3DF000860837 /* Products */;
			projectDirPath = "";
			projectRoot = "";
			targets = (
				2439C63A1B1D3DF000860837 /* lesson2 */,
				2439C6531B1D3DF000860837 /* lesson2Tests */,
			);
		};
/* End PBXProject section */

/* Begin PBXResourcesBuildPhase section */
		2439C6391B1D3DF000860837 /* Resources */ = {
			isa = PBXResourcesBuildPhase;
			buildActionMask = 2147483647;
			files = (
				2439C64A1B1D3DF000860837 /* Main.storyboard in Resources */,
				2439C6651B1D457C00860837 /* 9.jpg in Resources */,
				2439C64F1B1D3DF000860837 /* LaunchScreen.xib in Resources */,
				2439C64C1B1D3DF000860837 /* Images.xcassets in Resources */,
			);
			runOnlyForDeploymentPostprocessing = 0;
		};
		2439C6521B1D3DF000860837 /* Resources */ = {
			isa = PBXResourcesBuildPhase;
			buildActionMask = 2147483647;
			files = (
			);
			runOnlyForDeploymentPostprocessing = 0;
		};
/* End PBXResourcesBuildPhase section */

/* Begin PBXSourcesBuildPhase section */
		2439C6371B1D3DF000860837 /* Sources */ = {
			isa = PBXSourcesBuildPhase;
			buildActionMask = 2147483647;
			files = (
				2439C6471B1D3DF000860837 /* ViewController.m in Sources */,
				2439C6441B1D3DF000860837 /* AppDelegate.m in Sources */,
				2439C6411B1D3DF000860837 /* main.m in Sources */,
				2439C6681B1D57EF00860837 /* DetailViewController.m in Sources */,
			);
			runOnlyForDeploymentPostprocessing = 0;
		};
		2439C6501B1D3DF000860837 /* Sources */ = {
			isa = PBXSourcesBuildPhase;
			buildActionMask = 2147483647;
			files = (
				2439C65B1B1D3DF000860837 /* lesson2Tests.m in Sources */,
			);
			runOnlyForDeploymentPostprocessing = 0;
		};
/* End PBXSourcesBuildPhase section */

/* Begin PBXTargetDependency section */
		2439C6561B1D3DF000860837 /* PBXTargetDependency */ = {
			isa = PBXTargetDependency;
			target = 2439C63A1B1D3DF000860837 /* lesson2 */;
			targetProxy = 2439C6551B1D3DF000860837 /* PBXContainerItemProxy */;
		};
/* End PBXTargetDependency section */

/* Begin PBXVariantGroup section */
		2439C6481B1D3DF000860837 /* Main.storyboard */ = {
			isa = PBXVariantGroup;
			children = (
				2439C6491B1D3DF000860837 /* Base */,
			);
			name = Main.storyboard;
			sourceTree = "<group>";
		};
		2439C64D1B1D3DF000860837 /* LaunchScreen.xib */ = {
			isa = PBXVariantGroup;
			children = (
				2439C64E1B1D3DF000860837 /* Base */,
			);
			name = LaunchScreen.xib;
			sourceTree = "<group>";
		};
/* End PBXVariantGroup section */

/* Begin XCBuildConfiguration section */
		2439C65C1B1D3DF000860837 /* Debug */ = {
			isa = XCBuildConfiguration;
			buildSettings = {
				ALWAYS_SEARCH_USER_PATHS = NO;
				CLANG_CXX_LANGUAGE_STANDARD = "gnu++0x";
				CLANG_CXX_LIBRARY = "libc++";
				CLANG_ENABLE_MODULES = YES;
				CLANG_ENABLE_OBJC_ARC = YES;
				CLANG_WARN_BOOL_CONVERSION = YES;
				CLANG_WARN_CONSTANT_CONVERSION = YES;
				CLANG_WARN_DIRECT_OBJC_ISA_USAGE = YES_ERROR;
				CLANG_WARN_EMPTY_BODY = YES;
				CLANG_WARN_ENUM_CONVERSION = YES;
				CLANG_WARN_INT_CONVERSION = YES;
				CLANG_WARN_OBJC_ROOT_CLASS = YES_ERROR;
				CLANG_WARN_UNREACHABLE_CODE = YES;
				CLANG_WARN__DUPLICATE_METHOD_MATCH = YES;
				"CODE_SIGN_IDENTITY[sdk=iphoneos*]" = "iPhone Developer";
				COPY_PHASE_STRIP = NO;
				ENABLE_STRICT_OBJC_MSGSEND = YES;
				GCC_C_LANGUAGE_STANDARD = gnu99;
				GCC_DYNAMIC_NO_PIC = NO;
				GCC_OPTIMIZATION_LEVEL = 0;
				GCC_PREPROCESSOR_DEFINITIONS = (
					"DEBUG=1",
					"$(inherited)",
				);
				GCC_SYMBOLS_PRIVATE_EXTERN = NO;
				GCC_WARN_64_TO_32_BIT_CONVERSION = YES;
				GCC_WARN_ABOUT_RETURN_TYPE = YES_ERROR;
				GCC_WARN_UNDECLARED_SELECTOR = YES;
				GCC_WARN_UNINITIALIZED_AUTOS = YES_AGGRESSIVE;
				GCC_WARN_UNUSED_FUNCTION = YES;
				GCC_WARN_UNUSED_VARIABLE = YES;
				IPHONEOS_DEPLOYMENT_TARGET = 8.2;
				MTL_ENABLE_DEBUG_INFO = YES;
				ONLY_ACTIVE_ARCH = YES;
				SDKROOT = iphoneos;
				TARGETED_DEVICE_FAMILY = "1,2";
			};
			name = Debug;
		};
		2439C65D1B1D3DF000860837 /* Release */ = {
			isa = XCBuildConfiguration;
			buildSettings = {
				ALWAYS_SEARCH_USER_PATHS = NO;
				CLANG_CXX_LANGUAGE_STANDARD = "gnu++0x";
				CLANG_CXX_LIBRARY = "libc++";
				CLANG_ENABLE_MODULES = YES;
				CLANG_ENABLE_OBJC_ARC = YES;
				CLANG_WARN_BOOL_CONVERSION = YES;
				CLANG_WARN_CONSTANT_CONVERSION = YES;
				CLANG_WARN_DIRECT_OBJC_ISA_USAGE = YES_ERROR;
				CLANG_WARN_EMPTY_BODY = YES;
				CLANG_WARN_ENUM_CONVERSION = YES;
				CLANG_WARN_INT_CONVERSION = YES;
				CLANG_WARN_OBJC_ROOT_CLASS = YES_ERROR;
				CLANG_WARN_UNREACHABLE_CODE = YES;
				CLANG_WARN__DUPLICATE_METHOD_MATCH = YES;
				"CODE_SIGN_IDENTITY[sdk=iphoneos*]" = "iPhone Developer";
				COPY_PHASE_STRIP = NO;
				ENABLE_NS_ASSERTIONS = NO;
				ENABLE_STRICT_OBJC_MSGSEND = YES;
				GCC_C_LANGUAGE_STANDARD = gnu99;
				GCC_WARN_64_TO_32_BIT_CONVERSION = YES;
				GCC_WARN_ABOUT_RETURN_TYPE = YES_ERROR;
				GCC_WARN_UNDECLARED_SELECTOR = YES;
				GCC_WARN_UNINITIALIZED_AUTOS = YES_AGGRESSIVE;
				GCC_WARN_UNUSED_FUNCTION = YES;
				GCC_WARN_UNUSED_VARIABLE = YES;
				IPHONEOS_DEPLOYMENT_TARGET = 8.2;
				MTL_ENABLE_DEBUG_INFO = NO;
				SDKROOT = iphoneos;
				TARGETED_DEVICE_FAMILY = "1,2";
				VALIDATE_PRODUCT = YES;
			};
			name = Release;
		};
		2439C65F1B1D3DF000860837 /* Debug */ = {
			isa = XCBuildConfiguration;
			buildSettings = {
				ASSETCATALOG_COMPILER_APPICON_NAME = AppIcon;
				INFOPLIST_FILE = lesson2/Info.plist;
				LD_RUNPATH_SEARCH_PATHS = "$(inherited) @executable_path/Frameworks";
				PRODUCT_NAME = "$(TARGET_NAME)";
			};
			name = Debug;
		};
		2439C6601B1D3DF000860837 /* Release */ = {
			isa = XCBuildConfiguration;
			buildSettings = {
				ASSETCATALOG_COMPILER_APPICON_NAME = AppIcon;
				INFOPLIST_FILE = lesson2/Info.plist;
				LD_RUNPATH_SEARCH_PATHS = "$(inherited) @executable_path/Frameworks";
				PRODUCT_NAME = "$(TARGET_NAME)";
			};
			name = Release;
		};
		2439C6621B1D3DF000860837 /* Debug */ = {
			isa = XCBuildConfiguration;
			buildSettings = {
				BUNDLE_LOADER = "$(TEST_HOST)";
				FRAMEWORK_SEARCH_PATHS = (
					"$(SDKROOT)/Developer/Library/Frameworks",
					"$(inherited)",
				);
				GCC_PREPROCESSOR_DEFINITIONS = (
					"DEBUG=1",
					"$(inherited)",
				);
				INFOPLIST_FILE = lesson2Tests/Info.plist;
				LD_RUNPATH_SEARCH_PATHS = "$(inherited) @executable_path/Frameworks @loader_path/Frameworks";
				PRODUCT_NAME = "$(TARGET_NAME)";
				TEST_HOST = "$(BUILT_PRODUCTS_DIR)/lesson2.app/lesson2";
			};
			name = Debug;
		};
		2439C6631B1D3DF000860837 /* Release */ = {
			isa = XCBuildConfiguration;
			buildSettings = {
				BUNDLE_LOADER = "$(TEST_HOST)";
				FRAMEWORK_SEARCH_PATHS = (
					"$(SDKROOT)/Developer/Library/Frameworks",
					"$(inherited)",
				);
				INFOPLIST_FILE = lesson2Tests/Info.plist;
				LD_RUNPATH_SEARCH_PATHS = "$(inherited) @executable_path/Frameworks @loader_path/Frameworks";
				PRODUCT_NAME = "$(TARGET_NAME)";
				TEST_HOST = "$(BUILT_PRODUCTS_DIR)/lesson2.app/lesson2";
			};
			name = Release;
		};
/* End XCBuildConfiguration section */

/* Begin XCConfigurationList section */
		2439C6361B1D3DF000860837 /* Build configuration list for PBXProject "lesson2" */ = {
			isa = XCConfigurationList;
			buildConfigurations = (
				2439C65C1B1D3DF000860837 /* Debug */,
				2439C65D1B1D3DF000860837 /* Release */,
			);
			defaultConfigurationIsVisible = 0;
			defaultConfigurationName = Release;
		};
		2439C65E1B1D3DF000860837 /* Build configuration list for PBXNativeTarget "lesson2" */ = {
			isa = XCConfigurationList;
			buildConfigurations = (
				2439C65F1B1D3DF000860837 /* Debug */,
				2439C6601B1D3DF000860837 /* Release */,
			);
			defaultConfigurationIsVisible = 0;
		};
		2439C6611B1D3DF000860837 /* Build configuration list for PBXNativeTarget "lesson2Tests" */ = {
			isa = XCConfigurationList;
			buildConfigurations = (
				2439C6621B1D3DF000860837 /* Debug */,
				2439C6631B1D3DF000860837 /* Release */,
			);
			defaultConfigurationIsVisible = 0;
		};
/* End XCConfigurationList section */
	};
	rootObject = 2439C6331B1D3DF000860837 /* Project object */;
}
